// !$*UTF8*$!
{
	archiveVersion = 1;
	classes = {
	};
	objectVersion = 56;
	objects = {

/* Begin PBXBuildFile section */
		1B1D41652A025D01000C9B2B /* NavigationStack in Frameworks */ = {isa = PBXBuildFile; productRef = 1B1D41642A025D01000C9B2B /* NavigationStack */; };
		1B1D41672A02642B000C9B2B /* FoodResultView.swift in Sources */ = {isa = PBXBuildFile; fileRef = 1B1D41662A02642B000C9B2B /* FoodResultView.swift */; };
		1B1D41692A033325000C9B2B /* ChosenFood.swift in Sources */ = {isa = PBXBuildFile; fileRef = 1B1D41682A033325000C9B2B /* ChosenFood.swift */; };
		1B6471B92A09DCFE0083599D /* NavigationBar.swift in Sources */ = {isa = PBXBuildFile; fileRef = 1B6471B82A09DCFE0083599D /* NavigationBar.swift */; };
		1B848D722A0206910099F726 /* Classifier.swift in Sources */ = {isa = PBXBuildFile; fileRef = 1B848D712A0206910099F726 /* Classifier.swift */; };
		1B92DED22A0201ED00AFB363 /* ImagePicker.swift in Sources */ = {isa = PBXBuildFile; fileRef = 1B92DED12A0201ED00AFB363 /* ImagePicker.swift */; };
		1B99A68D2A07AFC400EB6A18 /* RoundedButton.swift in Sources */ = {isa = PBXBuildFile; fileRef = 1B99A68C2A07AFC400EB6A18 /* RoundedButton.swift */; };
		1B99A68F2A07E41400EB6A18 /* PopupView.swift in Sources */ = {isa = PBXBuildFile; fileRef = 1B99A68E2A07E41400EB6A18 /* PopupView.swift */; };
		1B99A6912A09272C00EB6A18 /* BounceAnimationView.swift in Sources */ = {isa = PBXBuildFile; fileRef = 1B99A6902A09272C00EB6A18 /* BounceAnimationView.swift */; };
		1B9A37862A0A1A9B00C63FB0 /* DummView.swift in Sources */ = {isa = PBXBuildFile; fileRef = 1B9A37852A0A1A9B00C63FB0 /* DummView.swift */; };
		1BCD71502A05CE4A00AF907A /* FoodClassifier.mlmodel in Sources */ = {isa = PBXBuildFile; fileRef = 1BCD714F2A05CE4A00AF907A /* FoodClassifier.mlmodel */; };
		1BDB8FC12A02256D0044A2DB /* ImageClassifier.swift in Sources */ = {isa = PBXBuildFile; fileRef = 1BDB8FC02A02256D0044A2DB /* ImageClassifier.swift */; };
		1BDB8FC32A0245DF0044A2DB /* FeedButton.swift in Sources */ = {isa = PBXBuildFile; fileRef = 1BDB8FC22A0245DF0044A2DB /* FeedButton.swift */; };
		1BE1F0FF2A060FC40021BBF0 /* MainView.swift in Sources */ = {isa = PBXBuildFile; fileRef = 1BE1F0FE2A060FC40021BBF0 /* MainView.swift */; };
		1BE1F1032A060FCB0021BBF0 /* Extension+UIscreen.swift in Sources */ = {isa = PBXBuildFile; fileRef = 1BE1F1022A060FCB0021BBF0 /* Extension+UIscreen.swift */; };
		1BE1F1092A06101C0021BBF0 /* Preview Assets.xcassets in Resources */ = {isa = PBXBuildFile; fileRef = 1BE1F1082A06101C0021BBF0 /* Preview Assets.xcassets */; };
		6080550E2A08835E00A2F499 /* GageButton.swift in Sources */ = {isa = PBXBuildFile; fileRef = 6080550D2A08835E00A2F499 /* GageButton.swift */; };
		608055102A0884B600A2F499 /* GageVariables.swift in Sources */ = {isa = PBXBuildFile; fileRef = 6080550F2A0884B600A2F499 /* GageVariables.swift */; };
		608055122A08D93100A2F499 /* StatusView.swift in Sources */ = {isa = PBXBuildFile; fileRef = 608055112A08D93100A2F499 /* StatusView.swift */; };
		609E68A42A07CE4F00C0A0BE /* Extension+Color.swift in Sources */ = {isa = PBXBuildFile; fileRef = 609E68A32A07CE4F00C0A0BE /* Extension+Color.swift */; };
		BF07D2602A00D18A00F9F225 /* DinoDinaApp.swift in Sources */ = {isa = PBXBuildFile; fileRef = BF07D25F2A00D18A00F9F225 /* DinoDinaApp.swift */; };
		BF07D2622A00D18A00F9F225 /* ContentView.swift in Sources */ = {isa = PBXBuildFile; fileRef = BF07D2612A00D18A00F9F225 /* ContentView.swift */; };
		BF07D2642A00D18B00F9F225 /* Assets.xcassets in Resources */ = {isa = PBXBuildFile; fileRef = BF07D2632A00D18B00F9F225 /* Assets.xcassets */; };
		BF65D7E72A0A32E100B44877 /* PaprikaView.swift in Sources */ = {isa = PBXBuildFile; fileRef = BF65D7E42A0A32E100B44877 /* PaprikaView.swift */; };
		BF65D7E92A0A32E100B44877 /* QuestHearView.swift in Sources */ = {isa = PBXBuildFile; fileRef = BF65D7E62A0A32E100B44877 /* QuestHearView.swift */; };
		BF65D7ED2A0A32F400B44877 /* AudioPlayer.swift in Sources */ = {isa = PBXBuildFile; fileRef = BF65D7EB2A0A32F400B44877 /* AudioPlayer.swift */; };
		BF65D7EE2A0A32F400B44877 /* AudioRecorder.swift in Sources */ = {isa = PBXBuildFile; fileRef = BF65D7EC2A0A32F400B44877 /* AudioRecorder.swift */; };
/* End PBXBuildFile section */

/* Begin PBXFileReference section */
		1B1D41662A02642B000C9B2B /* FoodResultView.swift */ = {isa = PBXFileReference; lastKnownFileType = sourcecode.swift; path = FoodResultView.swift; sourceTree = "<group>"; };
		1B1D41682A033325000C9B2B /* ChosenFood.swift */ = {isa = PBXFileReference; lastKnownFileType = sourcecode.swift; path = ChosenFood.swift; sourceTree = "<group>"; };
		1B6471B82A09DCFE0083599D /* NavigationBar.swift */ = {isa = PBXFileReference; lastKnownFileType = sourcecode.swift; path = NavigationBar.swift; sourceTree = "<group>"; };
		1B848D712A0206910099F726 /* Classifier.swift */ = {isa = PBXFileReference; lastKnownFileType = sourcecode.swift; path = Classifier.swift; sourceTree = "<group>"; };
		1B92DED12A0201ED00AFB363 /* ImagePicker.swift */ = {isa = PBXFileReference; lastKnownFileType = sourcecode.swift; path = ImagePicker.swift; sourceTree = "<group>"; };
		1B99A68C2A07AFC400EB6A18 /* RoundedButton.swift */ = {isa = PBXFileReference; lastKnownFileType = sourcecode.swift; path = RoundedButton.swift; sourceTree = "<group>"; };
		1B99A68E2A07E41400EB6A18 /* PopupView.swift */ = {isa = PBXFileReference; lastKnownFileType = sourcecode.swift; path = PopupView.swift; sourceTree = "<group>"; };
		1B99A6902A09272C00EB6A18 /* BounceAnimationView.swift */ = {isa = PBXFileReference; lastKnownFileType = sourcecode.swift; path = BounceAnimationView.swift; sourceTree = "<group>"; };
		1B9A37852A0A1A9B00C63FB0 /* DummView.swift */ = {isa = PBXFileReference; lastKnownFileType = sourcecode.swift; path = DummView.swift; sourceTree = "<group>"; };
		1BCD714F2A05CE4A00AF907A /* FoodClassifier.mlmodel */ = {isa = PBXFileReference; lastKnownFileType = file.mlmodel; path = FoodClassifier.mlmodel; sourceTree = "<group>"; };
		1BDB8FC02A02256D0044A2DB /* ImageClassifier.swift */ = {isa = PBXFileReference; lastKnownFileType = sourcecode.swift; path = ImageClassifier.swift; sourceTree = "<group>"; };
		1BDB8FC22A0245DF0044A2DB /* FeedButton.swift */ = {isa = PBXFileReference; lastKnownFileType = sourcecode.swift; path = FeedButton.swift; sourceTree = "<group>"; };
		1BE1F0FE2A060FC40021BBF0 /* MainView.swift */ = {isa = PBXFileReference; fileEncoding = 4; lastKnownFileType = sourcecode.swift; path = MainView.swift; sourceTree = "<group>"; };
		1BE1F1022A060FCB0021BBF0 /* Extension+UIscreen.swift */ = {isa = PBXFileReference; fileEncoding = 4; lastKnownFileType = sourcecode.swift; path = "Extension+UIscreen.swift"; sourceTree = "<group>"; };
		1BE1F1082A06101C0021BBF0 /* Preview Assets.xcassets */ = {isa = PBXFileReference; lastKnownFileType = folder.assetcatalog; path = "Preview Assets.xcassets"; sourceTree = "<group>"; };
		6080550D2A08835E00A2F499 /* GageButton.swift */ = {isa = PBXFileReference; lastKnownFileType = sourcecode.swift; path = GageButton.swift; sourceTree = "<group>"; };
		6080550F2A0884B600A2F499 /* GageVariables.swift */ = {isa = PBXFileReference; lastKnownFileType = sourcecode.swift; path = GageVariables.swift; sourceTree = "<group>"; };
		608055112A08D93100A2F499 /* StatusView.swift */ = {isa = PBXFileReference; lastKnownFileType = sourcecode.swift; path = StatusView.swift; sourceTree = "<group>"; };
		609E68A32A07CE4F00C0A0BE /* Extension+Color.swift */ = {isa = PBXFileReference; lastKnownFileType = sourcecode.swift; path = "Extension+Color.swift"; sourceTree = "<group>"; };
		BF07D25C2A00D18A00F9F225 /* DinoDina.app */ = {isa = PBXFileReference; explicitFileType = wrapper.application; includeInIndex = 0; path = DinoDina.app; sourceTree = BUILT_PRODUCTS_DIR; };
		BF07D25F2A00D18A00F9F225 /* DinoDinaApp.swift */ = {isa = PBXFileReference; lastKnownFileType = sourcecode.swift; path = DinoDinaApp.swift; sourceTree = "<group>"; };
		BF07D2612A00D18A00F9F225 /* ContentView.swift */ = {isa = PBXFileReference; lastKnownFileType = sourcecode.swift; path = ContentView.swift; sourceTree = "<group>"; };
		BF07D2632A00D18B00F9F225 /* Assets.xcassets */ = {isa = PBXFileReference; lastKnownFileType = folder.assetcatalog; path = Assets.xcassets; sourceTree = "<group>"; };
		BF65D7E42A0A32E100B44877 /* PaprikaView.swift */ = {isa = PBXFileReference; fileEncoding = 4; lastKnownFileType = sourcecode.swift; path = PaprikaView.swift; sourceTree = "<group>"; };
		BF65D7E62A0A32E100B44877 /* QuestHearView.swift */ = {isa = PBXFileReference; fileEncoding = 4; lastKnownFileType = sourcecode.swift; path = QuestHearView.swift; sourceTree = "<group>"; };
		BF65D7EB2A0A32F400B44877 /* AudioPlayer.swift */ = {isa = PBXFileReference; fileEncoding = 4; lastKnownFileType = sourcecode.swift; path = AudioPlayer.swift; sourceTree = "<group>"; };
		BF65D7EC2A0A32F400B44877 /* AudioRecorder.swift */ = {isa = PBXFileReference; fileEncoding = 4; lastKnownFileType = sourcecode.swift; path = AudioRecorder.swift; sourceTree = "<group>"; };
/* End PBXFileReference section */

/* Begin PBXFrameworksBuildPhase section */
		BF07D2592A00D18A00F9F225 /* Frameworks */ = {
			isa = PBXFrameworksBuildPhase;
			buildActionMask = 2147483647;
			files = (
				1B1D41652A025D01000C9B2B /* NavigationStack in Frameworks */,
			);
			runOnlyForDeploymentPostprocessing = 0;
		};
/* End PBXFrameworksBuildPhase section */

/* Begin PBXGroup section */
		1B1501142A0684BF00CA9502 /* Views */ = {
			isa = PBXGroup;
			children = (
				1BE1F0FE2A060FC40021BBF0 /* MainView.swift */,
				1B1D41662A02642B000C9B2B /* FoodResultView.swift */,
				1B99A6902A09272C00EB6A18 /* BounceAnimationView.swift */,
				1B99A68E2A07E41400EB6A18 /* PopupView.swift */,
				BF65D7E32A0A32E100B44877 /* QuestHear */,
			);
			path = Views;
			sourceTree = "<group>";
		};
		1B1501152A0684D300CA9502 /* ViewAssets */ = {
			isa = PBXGroup;
			children = (
				1B6471B82A09DCFE0083599D /* NavigationBar.swift */,
				1BDB8FC22A0245DF0044A2DB /* FeedButton.swift */,
				1BDB8FC02A02256D0044A2DB /* ImageClassifier.swift */,
				1B92DED12A0201ED00AFB363 /* ImagePicker.swift */,
				1B99A68C2A07AFC400EB6A18 /* RoundedButton.swift */,
				6080550D2A08835E00A2F499 /* GageButton.swift */,
				608055112A08D93100A2F499 /* StatusView.swift */,
			);
			path = ViewAssets;
			sourceTree = "<group>";
		};
		1B92DECC2A01E05100AFB363 /* Models */ = {
			isa = PBXGroup;
			children = (
				1BCD714F2A05CE4A00AF907A /* FoodClassifier.mlmodel */,
				6080550F2A0884B600A2F499 /* GageVariables.swift */,
				1B1D41682A033325000C9B2B /* ChosenFood.swift */,
				BF65D7EA2A0A32F400B44877 /* QuestHear */,
			);
			path = Models;
			sourceTree = "<group>";
		};
		1B9A37872A0A1F0400C63FB0 /* Test */ = {
			isa = PBXGroup;
			children = (
				1B9A37852A0A1A9B00C63FB0 /* DummView.swift */,
			);
			path = Test;
			sourceTree = "<group>";
		};
		1BE1F1002A060FCB0021BBF0 /* Util */ = {
			isa = PBXGroup;
			children = (
				1B1501152A0684D300CA9502 /* ViewAssets */,
				1BE1F1012A060FCB0021BBF0 /* Extension  */,
			);
			path = Util;
			sourceTree = "<group>";
		};
		1BE1F1012A060FCB0021BBF0 /* Extension  */ = {
			isa = PBXGroup;
			children = (
				1BE1F1022A060FCB0021BBF0 /* Extension+UIscreen.swift */,
				609E68A32A07CE4F00C0A0BE /* Extension+Color.swift */,
			);
			path = "Extension ";
			sourceTree = "<group>";
		};
		BF07D2532A00D18A00F9F225 = {
			isa = PBXGroup;
			children = (
				BF07D25E2A00D18A00F9F225 /* DinoDina */,
				BF07D25D2A00D18A00F9F225 /* Products */,
			);
			sourceTree = "<group>";
		};
		BF07D25D2A00D18A00F9F225 /* Products */ = {
			isa = PBXGroup;
			children = (
				BF07D25C2A00D18A00F9F225 /* DinoDina.app */,
			);
			name = Products;
			sourceTree = "<group>";
		};
		BF07D25E2A00D18A00F9F225 /* DinoDina */ = {
			isa = PBXGroup;
			children = (
				1B9A37872A0A1F0400C63FB0 /* Test */,
				1B1501142A0684BF00CA9502 /* Views */,
				1B92DECC2A01E05100AFB363 /* Models */,
				BF07D25F2A00D18A00F9F225 /* DinoDinaApp.swift */,
				BF07D2612A00D18A00F9F225 /* ContentView.swift */,
				1B848D712A0206910099F726 /* Classifier.swift */,
				1BE1F1002A060FCB0021BBF0 /* Util */,
				BF07D2632A00D18B00F9F225 /* Assets.xcassets */,
				BF07D2652A00D18B00F9F225 /* Preview Content */,
			);
			path = DinoDina;
			sourceTree = "<group>";
		};
		BF07D2652A00D18B00F9F225 /* Preview Content */ = {
			isa = PBXGroup;
			children = (
				1BE1F1082A06101C0021BBF0 /* Preview Assets.xcassets */,
			);
			path = "Preview Content";
			sourceTree = "<group>";
		};
		BF65D7E32A0A32E100B44877 /* QuestHear */ = {
			isa = PBXGroup;
			children = (
				BF65D7E42A0A32E100B44877 /* PaprikaView.swift */,
				BF65D7E62A0A32E100B44877 /* QuestHearView.swift */,
			);
			path = QuestHear;
			sourceTree = "<group>";
		};
		BF65D7EA2A0A32F400B44877 /* QuestHear */ = {
			isa = PBXGroup;
			children = (
				BF65D7EB2A0A32F400B44877 /* AudioPlayer.swift */,
				BF65D7EC2A0A32F400B44877 /* AudioRecorder.swift */,
			);
			path = QuestHear;
			sourceTree = "<group>";
		};
/* End PBXGroup section */

/* Begin PBXNativeTarget section */
		BF07D25B2A00D18A00F9F225 /* DinoDina */ = {
			isa = PBXNativeTarget;
			buildConfigurationList = BF07D26A2A00D18B00F9F225 /* Build configuration list for PBXNativeTarget "DinoDina" */;
			buildPhases = (
				BF07D2582A00D18A00F9F225 /* Sources */,
				BF07D2592A00D18A00F9F225 /* Frameworks */,
				BF07D25A2A00D18A00F9F225 /* Resources */,
			);
			buildRules = (
			);
			dependencies = (
			);
			name = DinoDina;
			packageProductDependencies = (
				1B1D41642A025D01000C9B2B /* NavigationStack */,
			);
			productName = DinoDina;
			productReference = BF07D25C2A00D18A00F9F225 /* DinoDina.app */;
			productType = "com.apple.product-type.application";
		};
/* End PBXNativeTarget section */

/* Begin PBXProject section */
		BF07D2542A00D18A00F9F225 /* Project object */ = {
			isa = PBXProject;
			attributes = {
				BuildIndependentTargetsInParallel = 1;
				LastSwiftUpdateCheck = 1420;
				LastUpgradeCheck = 1420;
				TargetAttributes = {
					BF07D25B2A00D18A00F9F225 = {
						CreatedOnToolsVersion = 14.2;
					};
				};
			};
			buildConfigurationList = BF07D2572A00D18A00F9F225 /* Build configuration list for PBXProject "DinoDina" */;
			compatibilityVersion = "Xcode 14.0";
			developmentRegion = en;
			hasScannedForEncodings = 0;
			knownRegions = (
				en,
				Base,
			);
			mainGroup = BF07D2532A00D18A00F9F225;
			packageReferences = (
				1B1D41632A025D01000C9B2B /* XCRemoteSwiftPackageReference "swiftui-navigation-stack" */,
			);
			productRefGroup = BF07D25D2A00D18A00F9F225 /* Products */;
			projectDirPath = "";
			projectRoot = "";
			targets = (
				BF07D25B2A00D18A00F9F225 /* DinoDina */,
			);
		};
/* End PBXProject section */

/* Begin PBXResourcesBuildPhase section */
		BF07D25A2A00D18A00F9F225 /* Resources */ = {
			isa = PBXResourcesBuildPhase;
			buildActionMask = 2147483647;
			files = (
				1BE1F1092A06101C0021BBF0 /* Preview Assets.xcassets in Resources */,
				BF07D2642A00D18B00F9F225 /* Assets.xcassets in Resources */,
			);
			runOnlyForDeploymentPostprocessing = 0;
		};
/* End PBXResourcesBuildPhase section */

/* Begin PBXSourcesBuildPhase section */
		BF07D2582A00D18A00F9F225 /* Sources */ = {
			isa = PBXSourcesBuildPhase;
			buildActionMask = 2147483647;
			files = (
				BF07D2622A00D18A00F9F225 /* ContentView.swift in Sources */,
				6080550E2A08835E00A2F499 /* GageButton.swift in Sources */,
				608055122A08D93100A2F499 /* StatusView.swift in Sources */,
				608055102A0884B600A2F499 /* GageVariables.swift in Sources */,
				BF65D7EE2A0A32F400B44877 /* AudioRecorder.swift in Sources */,
				1BE1F0FF2A060FC40021BBF0 /* MainView.swift in Sources */,
				BF07D2602A00D18A00F9F225 /* DinoDinaApp.swift in Sources */,
				1B6471B92A09DCFE0083599D /* NavigationBar.swift in Sources */,
				1B9A37862A0A1A9B00C63FB0 /* DummView.swift in Sources */,
				1BCD71502A05CE4A00AF907A /* FoodClassifier.mlmodel in Sources */,
				1BE1F1032A060FCB0021BBF0 /* Extension+UIscreen.swift in Sources */,
				BF65D7E92A0A32E100B44877 /* QuestHearView.swift in Sources */,
				BF65D7ED2A0A32F400B44877 /* AudioPlayer.swift in Sources */,
				1B1D41692A033325000C9B2B /* ChosenFood.swift in Sources */,
				1B848D722A0206910099F726 /* Classifier.swift in Sources */,
				609E68A42A07CE4F00C0A0BE /* Extension+Color.swift in Sources */,
				1B99A68F2A07E41400EB6A18 /* PopupView.swift in Sources */,
				1BDB8FC32A0245DF0044A2DB /* FeedButton.swift in Sources */,
				1B1D41672A02642B000C9B2B /* FoodResultView.swift in Sources */,
				1BDB8FC12A02256D0044A2DB /* ImageClassifier.swift in Sources */,
				1B99A6912A09272C00EB6A18 /* BounceAnimationView.swift in Sources */,
				1B92DED22A0201ED00AFB363 /* ImagePicker.swift in Sources */,
				1B99A68D2A07AFC400EB6A18 /* RoundedButton.swift in Sources */,
				BF65D7E72A0A32E100B44877 /* PaprikaView.swift in Sources */,
			);
			runOnlyForDeploymentPostprocessing = 0;
		};
/* End PBXSourcesBuildPhase section */

/* Begin XCBuildConfiguration section */
		BF07D2682A00D18B00F9F225 /* Debug */ = {
			isa = XCBuildConfiguration;
			buildSettings = {
				ALWAYS_SEARCH_USER_PATHS = NO;
				CLANG_ANALYZER_NONNULL = YES;
				CLANG_ANALYZER_NUMBER_OBJECT_CONVERSION = YES_AGGRESSIVE;
				CLANG_CXX_LANGUAGE_STANDARD = "gnu++20";
				CLANG_ENABLE_MODULES = YES;
				CLANG_ENABLE_OBJC_ARC = YES;
				CLANG_ENABLE_OBJC_WEAK = YES;
				CLANG_WARN_BLOCK_CAPTURE_AUTORELEASING = YES;
				CLANG_WARN_BOOL_CONVERSION = YES;
				CLANG_WARN_COMMA = YES;
				CLANG_WARN_CONSTANT_CONVERSION = YES;
				CLANG_WARN_DEPRECATED_OBJC_IMPLEMENTATIONS = YES;
				CLANG_WARN_DIRECT_OBJC_ISA_USAGE = YES_ERROR;
				CLANG_WARN_DOCUMENTATION_COMMENTS = YES;
				CLANG_WARN_EMPTY_BODY = YES;
				CLANG_WARN_ENUM_CONVERSION = YES;
				CLANG_WARN_INFINITE_RECURSION = YES;
				CLANG_WARN_INT_CONVERSION = YES;
				CLANG_WARN_NON_LITERAL_NULL_CONVERSION = YES;
				CLANG_WARN_OBJC_IMPLICIT_RETAIN_SELF = YES;
				CLANG_WARN_OBJC_LITERAL_CONVERSION = YES;
				CLANG_WARN_OBJC_ROOT_CLASS = YES_ERROR;
				CLANG_WARN_QUOTED_INCLUDE_IN_FRAMEWORK_HEADER = YES;
				CLANG_WARN_RANGE_LOOP_ANALYSIS = YES;
				CLANG_WARN_STRICT_PROTOTYPES = YES;
				CLANG_WARN_SUSPICIOUS_MOVE = YES;
				CLANG_WARN_UNGUARDED_AVAILABILITY = YES_AGGRESSIVE;
				CLANG_WARN_UNREACHABLE_CODE = YES;
				CLANG_WARN__DUPLICATE_METHOD_MATCH = YES;
				COPY_PHASE_STRIP = NO;
				DEBUG_INFORMATION_FORMAT = dwarf;
				ENABLE_STRICT_OBJC_MSGSEND = YES;
				ENABLE_TESTABILITY = YES;
				GCC_C_LANGUAGE_STANDARD = gnu11;
				GCC_DYNAMIC_NO_PIC = NO;
				GCC_NO_COMMON_BLOCKS = YES;
				GCC_OPTIMIZATION_LEVEL = 0;
				GCC_PREPROCESSOR_DEFINITIONS = (
					"DEBUG=1",
					"$(inherited)",
				);
				GCC_WARN_64_TO_32_BIT_CONVERSION = YES;
				GCC_WARN_ABOUT_RETURN_TYPE = YES_ERROR;
				GCC_WARN_UNDECLARED_SELECTOR = YES;
				GCC_WARN_UNINITIALIZED_AUTOS = YES_AGGRESSIVE;
				GCC_WARN_UNUSED_FUNCTION = YES;
				GCC_WARN_UNUSED_VARIABLE = YES;
				IPHONEOS_DEPLOYMENT_TARGET = 16.2;
				MTL_ENABLE_DEBUG_INFO = INCLUDE_SOURCE;
				MTL_FAST_MATH = YES;
				ONLY_ACTIVE_ARCH = YES;
				SDKROOT = iphoneos;
				SWIFT_ACTIVE_COMPILATION_CONDITIONS = DEBUG;
				SWIFT_OPTIMIZATION_LEVEL = "-Onone";
			};
			name = Debug;
		};
		BF07D2692A00D18B00F9F225 /* Release */ = {
			isa = XCBuildConfiguration;
			buildSettings = {
				ALWAYS_SEARCH_USER_PATHS = NO;
				CLANG_ANALYZER_NONNULL = YES;
				CLANG_ANALYZER_NUMBER_OBJECT_CONVERSION = YES_AGGRESSIVE;
				CLANG_CXX_LANGUAGE_STANDARD = "gnu++20";
				CLANG_ENABLE_MODULES = YES;
				CLANG_ENABLE_OBJC_ARC = YES;
				CLANG_ENABLE_OBJC_WEAK = YES;
				CLANG_WARN_BLOCK_CAPTURE_AUTORELEASING = YES;
				CLANG_WARN_BOOL_CONVERSION = YES;
				CLANG_WARN_COMMA = YES;
				CLANG_WARN_CONSTANT_CONVERSION = YES;
				CLANG_WARN_DEPRECATED_OBJC_IMPLEMENTATIONS = YES;
				CLANG_WARN_DIRECT_OBJC_ISA_USAGE = YES_ERROR;
				CLANG_WARN_DOCUMENTATION_COMMENTS = YES;
				CLANG_WARN_EMPTY_BODY = YES;
				CLANG_WARN_ENUM_CONVERSION = YES;
				CLANG_WARN_INFINITE_RECURSION = YES;
				CLANG_WARN_INT_CONVERSION = YES;
				CLANG_WARN_NON_LITERAL_NULL_CONVERSION = YES;
				CLANG_WARN_OBJC_IMPLICIT_RETAIN_SELF = YES;
				CLANG_WARN_OBJC_LITERAL_CONVERSION = YES;
				CLANG_WARN_OBJC_ROOT_CLASS = YES_ERROR;
				CLANG_WARN_QUOTED_INCLUDE_IN_FRAMEWORK_HEADER = YES;
				CLANG_WARN_RANGE_LOOP_ANALYSIS = YES;
				CLANG_WARN_STRICT_PROTOTYPES = YES;
				CLANG_WARN_SUSPICIOUS_MOVE = YES;
				CLANG_WARN_UNGUARDED_AVAILABILITY = YES_AGGRESSIVE;
				CLANG_WARN_UNREACHABLE_CODE = YES;
				CLANG_WARN__DUPLICATE_METHOD_MATCH = YES;
				COPY_PHASE_STRIP = NO;
				DEBUG_INFORMATION_FORMAT = "dwarf-with-dsym";
				ENABLE_NS_ASSERTIONS = NO;
				ENABLE_STRICT_OBJC_MSGSEND = YES;
				GCC_C_LANGUAGE_STANDARD = gnu11;
				GCC_NO_COMMON_BLOCKS = YES;
				GCC_WARN_64_TO_32_BIT_CONVERSION = YES;
				GCC_WARN_ABOUT_RETURN_TYPE = YES_ERROR;
				GCC_WARN_UNDECLARED_SELECTOR = YES;
				GCC_WARN_UNINITIALIZED_AUTOS = YES_AGGRESSIVE;
				GCC_WARN_UNUSED_FUNCTION = YES;
				GCC_WARN_UNUSED_VARIABLE = YES;
				IPHONEOS_DEPLOYMENT_TARGET = 16.2;
				MTL_ENABLE_DEBUG_INFO = NO;
				MTL_FAST_MATH = YES;
				SDKROOT = iphoneos;
				SWIFT_COMPILATION_MODE = wholemodule;
				SWIFT_OPTIMIZATION_LEVEL = "-O";
				VALIDATE_PRODUCT = YES;
			};
			name = Release;
		};
		BF07D26B2A00D18B00F9F225 /* Debug */ = {
			isa = XCBuildConfiguration;
			buildSettings = {
				ASSETCATALOG_COMPILER_APPICON_NAME = AppIcon;
				ASSETCATALOG_COMPILER_GLOBAL_ACCENT_COLOR_NAME = AccentColor;
				CODE_SIGN_STYLE = Automatic;
				CURRENT_PROJECT_VERSION = 1;
				DEVELOPMENT_ASSET_PATHS = "\"DinoDina/Preview Content\"";
				DEVELOPMENT_TEAM = Q6S8GWB6BP;
				ENABLE_PREVIEWS = YES;
				GENERATE_INFOPLIST_FILE = YES;
				INFOPLIST_KEY_NSCameraUsageDescription = "using camera to take pictures";
				INFOPLIST_KEY_NSMicrophoneUsageDescription = "";
				INFOPLIST_KEY_UIApplicationSceneManifest_Generation = YES;
				INFOPLIST_KEY_UIApplicationSupportsIndirectInputEvents = YES;
				INFOPLIST_KEY_UILaunchScreen_Generation = YES;
				INFOPLIST_KEY_UIStatusBarStyle = UIStatusBarStyleLightContent;
				INFOPLIST_KEY_UISupportedInterfaceOrientations = UIInterfaceOrientationLandscapeRight;
				INFOPLIST_KEY_UISupportedInterfaceOrientations_iPad = "UIInterfaceOrientationLandscapeLeft UIInterfaceOrientationLandscapeRight UIInterfaceOrientationPortrait UIInterfaceOrientationPortraitUpsideDown";
				LD_RUNPATH_SEARCH_PATHS = (
					"$(inherited)",
					"@executable_path/Frameworks",
				);
				MARKETING_VERSION = 1.0;
				PRODUCT_BUNDLE_IDENTIFIER = com.zhunhe.DinoDina;
				PRODUCT_NAME = "$(TARGET_NAME)";
				SUPPORTED_PLATFORMS = "iphoneos iphonesimulator";
				SUPPORTS_MACCATALYST = NO;
				SUPPORTS_MAC_DESIGNED_FOR_IPHONE_IPAD = NO;
				SWIFT_EMIT_LOC_STRINGS = YES;
				SWIFT_VERSION = 5.0;
				TARGETED_DEVICE_FAMILY = 1;
			};
			name = Debug;
		};
		BF07D26C2A00D18B00F9F225 /* Release */ = {
			isa = XCBuildConfiguration;
			buildSettings = {
				ASSETCATALOG_COMPILER_APPICON_NAME = AppIcon;
				ASSETCATALOG_COMPILER_GLOBAL_ACCENT_COLOR_NAME = AccentColor;
				CODE_SIGN_STYLE = Automatic;
				CURRENT_PROJECT_VERSION = 1;
				DEVELOPMENT_ASSET_PATHS = "\"DinoDina/Preview Content\"";
				DEVELOPMENT_TEAM = Q6S8GWB6BP;
				ENABLE_PREVIEWS = YES;
				GENERATE_INFOPLIST_FILE = YES;
				INFOPLIST_KEY_NSCameraUsageDescription = "using camera to take pictures";
				INFOPLIST_KEY_NSMicrophoneUsageDescription = "";
				INFOPLIST_KEY_UIApplicationSceneManifest_Generation = YES;
				INFOPLIST_KEY_UIApplicationSupportsIndirectInputEvents = YES;
				INFOPLIST_KEY_UILaunchScreen_Generation = YES;
				INFOPLIST_KEY_UIStatusBarStyle = UIStatusBarStyleLightContent;
				INFOPLIST_KEY_UISupportedInterfaceOrientations = UIInterfaceOrientationLandscapeRight;
				INFOPLIST_KEY_UISupportedInterfaceOrientations_iPad = "UIInterfaceOrientationLandscapeLeft UIInterfaceOrientationLandscapeRight UIInterfaceOrientationPortrait UIInterfaceOrientationPortraitUpsideDown";
				LD_RUNPATH_SEARCH_PATHS = (
					"$(inherited)",
					"@executable_path/Frameworks",
				);
				MARKETING_VERSION = 1.0;
				PRODUCT_BUNDLE_IDENTIFIER = com.zhunhe.DinoDina;
				PRODUCT_NAME = "$(TARGET_NAME)";
				SUPPORTED_PLATFORMS = "iphoneos iphonesimulator";
				SUPPORTS_MACCATALYST = NO;
				SUPPORTS_MAC_DESIGNED_FOR_IPHONE_IPAD = NO;
				SWIFT_EMIT_LOC_STRINGS = YES;
				SWIFT_VERSION = 5.0;
				TARGETED_DEVICE_FAMILY = 1;
			};
			name = Release;
		};
/* End XCBuildConfiguration section */

/* Begin XCConfigurationList section */
		BF07D2572A00D18A00F9F225 /* Build configuration list for PBXProject "DinoDina" */ = {
			isa = XCConfigurationList;
			buildConfigurations = (
				BF07D2682A00D18B00F9F225 /* Debug */,
				BF07D2692A00D18B00F9F225 /* Release */,
			);
			defaultConfigurationIsVisible = 0;
			defaultConfigurationName = Release;
		};
		BF07D26A2A00D18B00F9F225 /* Build configuration list for PBXNativeTarget "DinoDina" */ = {
			isa = XCConfigurationList;
			buildConfigurations = (
				BF07D26B2A00D18B00F9F225 /* Debug */,
				BF07D26C2A00D18B00F9F225 /* Release */,
			);
			defaultConfigurationIsVisible = 0;
			defaultConfigurationName = Release;
		};
/* End XCConfigurationList section */

/* Begin XCRemoteSwiftPackageReference section */
		1B1D41632A025D01000C9B2B /* XCRemoteSwiftPackageReference "swiftui-navigation-stack" */ = {
			isa = XCRemoteSwiftPackageReference;
			repositoryURL = "https://github.com/matteopuc/swiftui-navigation-stack.git";
			requirement = {
				kind = upToNextMajorVersion;
				minimumVersion = 1.0.0;
			};
		};
/* End XCRemoteSwiftPackageReference section */

/* Begin XCSwiftPackageProductDependency section */
		1B1D41642A025D01000C9B2B /* NavigationStack */ = {
			isa = XCSwiftPackageProductDependency;
			package = 1B1D41632A025D01000C9B2B /* XCRemoteSwiftPackageReference "swiftui-navigation-stack" */;
			productName = NavigationStack;
		};
/* End XCSwiftPackageProductDependency section */
	};
	rootObject = BF07D2542A00D18A00F9F225 /* Project object */;
}
